// !$*UTF8*$!
{
	archiveVersion = 1;
	classes = {
	};
	objectVersion = 48;
	objects = {

/* Begin PBXBuildFile section */
		6F05C1CF2034C6520021916E /* Constants.swift in Sources */ = {isa = PBXBuildFile; fileRef = 6F05C1CE2034C6520021916E /* Constants.swift */; };
		6F05C1D32034D5740021916E /* LoginVC.swift in Sources */ = {isa = PBXBuildFile; fileRef = 6F05C1D22034D5740021916E /* LoginVC.swift */; };
		6F0BC23B20321877009AC856 /* SWRevealViewController.m in Sources */ = {isa = PBXBuildFile; fileRef = 6F0BC23A20321877009AC856 /* SWRevealViewController.m */; };
		6F2263872030847B00964F45 /* AppDelegate.swift in Sources */ = {isa = PBXBuildFile; fileRef = 6F2263862030847B00964F45 /* AppDelegate.swift */; };
		6F22638C2030847B00964F45 /* Main.storyboard in Resources */ = {isa = PBXBuildFile; fileRef = 6F22638A2030847B00964F45 /* Main.storyboard */; };
		6F22638E2030847B00964F45 /* Assets.xcassets in Resources */ = {isa = PBXBuildFile; fileRef = 6F22638D2030847B00964F45 /* Assets.xcassets */; };
		6F2263912030847B00964F45 /* LaunchScreen.storyboard in Resources */ = {isa = PBXBuildFile; fileRef = 6F22638F2030847B00964F45 /* LaunchScreen.storyboard */; };
		6F685B3C2030DC22001705D9 /* ChatVC.swift in Sources */ = {isa = PBXBuildFile; fileRef = 6F685B3B2030DC22001705D9 /* ChatVC.swift */; };
		6F685B3E2030DC4E001705D9 /* ChannelVC.swift in Sources */ = {isa = PBXBuildFile; fileRef = 6F685B3D2030DC4E001705D9 /* ChannelVC.swift */; };
		6F71619A2035FDB1007BBDD0 /* CreateAccountVC.swift in Sources */ = {isa = PBXBuildFile; fileRef = 6F7161992035FDB1007BBDD0 /* CreateAccountVC.swift */; };
		6F83319D2038C2AA003F73AE /* AuthService.swift in Sources */ = {isa = PBXBuildFile; fileRef = 6F83319C2038C2AA003F73AE /* AuthService.swift */; };
		6F9DE4A020334DB700EFB014 /* GradientView.swift in Sources */ = {isa = PBXBuildFile; fileRef = 6F9DE49F20334DB700EFB014 /* GradientView.swift */; };
		6FBC12EB203E0A3000EB014A /* RoundedButton.swift in Sources */ = {isa = PBXBuildFile; fileRef = 6FBC12EA203E0A3000EB014A /* RoundedButton.swift */; };
		6FEDEA962041EC0F00E711C7 /* AvatarPickerVC.swift in Sources */ = {isa = PBXBuildFile; fileRef = 6FEDEA952041EC0F00E711C7 /* AvatarPickerVC.swift */; };
		6FEDEA9A2042383000E711C7 /* AvatarCell.swift in Sources */ = {isa = PBXBuildFile; fileRef = 6FEDEA992042383000E711C7 /* AvatarCell.swift */; };
		6FF9E72820404E30005BD11B /* UserDataService.swift in Sources */ = {isa = PBXBuildFile; fileRef = 6FF9E72720404E30005BD11B /* UserDataService.swift */; };
		C64AF1D7F344DA3248128667 /* Pods_Smack.framework in Frameworks */ = {isa = PBXBuildFile; fileRef = 373B271017011E64F70E8D4E /* Pods_Smack.framework */; };
/* End PBXBuildFile section */

/* Begin PBXFileReference section */
		034470E7372EF77B91CDB0AB /* Pods-Smack.release.xcconfig */ = {isa = PBXFileReference; includeInIndex = 1; lastKnownFileType = text.xcconfig; name = "Pods-Smack.release.xcconfig"; path = "Pods/Target Support Files/Pods-Smack/Pods-Smack.release.xcconfig"; sourceTree = "<group>"; };
		199DC8A508D4314EBC809FC1 /* Pods-Smack.debug.xcconfig */ = {isa = PBXFileReference; includeInIndex = 1; lastKnownFileType = text.xcconfig; name = "Pods-Smack.debug.xcconfig"; path = "Pods/Target Support Files/Pods-Smack/Pods-Smack.debug.xcconfig"; sourceTree = "<group>"; };
		373B271017011E64F70E8D4E /* Pods_Smack.framework */ = {isa = PBXFileReference; explicitFileType = wrapper.framework; includeInIndex = 0; path = Pods_Smack.framework; sourceTree = BUILT_PRODUCTS_DIR; };
		6F05C1CE2034C6520021916E /* Constants.swift */ = {isa = PBXFileReference; lastKnownFileType = sourcecode.swift; path = Constants.swift; sourceTree = "<group>"; };
		6F05C1D22034D5740021916E /* LoginVC.swift */ = {isa = PBXFileReference; lastKnownFileType = sourcecode.swift; path = LoginVC.swift; sourceTree = "<group>"; };
		6F0BC23820321876009AC856 /* Smack-Bridging-Header.h */ = {isa = PBXFileReference; lastKnownFileType = sourcecode.c.h; path = "Smack-Bridging-Header.h"; sourceTree = "<group>"; };
		6F0BC23920321877009AC856 /* SWRevealViewController.h */ = {isa = PBXFileReference; fileEncoding = 4; lastKnownFileType = sourcecode.c.h; path = SWRevealViewController.h; sourceTree = "<group>"; };
		6F0BC23A20321877009AC856 /* SWRevealViewController.m */ = {isa = PBXFileReference; fileEncoding = 4; lastKnownFileType = sourcecode.c.objc; path = SWRevealViewController.m; sourceTree = "<group>"; };
		6F2263832030847B00964F45 /* Smack.app */ = {isa = PBXFileReference; explicitFileType = wrapper.application; includeInIndex = 0; path = Smack.app; sourceTree = BUILT_PRODUCTS_DIR; };
		6F2263862030847B00964F45 /* AppDelegate.swift */ = {isa = PBXFileReference; lastKnownFileType = sourcecode.swift; path = AppDelegate.swift; sourceTree = "<group>"; };
		6F22638B2030847B00964F45 /* Base */ = {isa = PBXFileReference; lastKnownFileType = file.storyboard; name = Base; path = Base.lproj/Main.storyboard; sourceTree = "<group>"; };
		6F22638D2030847B00964F45 /* Assets.xcassets */ = {isa = PBXFileReference; lastKnownFileType = folder.assetcatalog; path = Assets.xcassets; sourceTree = "<group>"; };
		6F2263902030847B00964F45 /* Base */ = {isa = PBXFileReference; lastKnownFileType = file.storyboard; name = Base; path = Base.lproj/LaunchScreen.storyboard; sourceTree = "<group>"; };
		6F2263922030847B00964F45 /* Info.plist */ = {isa = PBXFileReference; lastKnownFileType = text.plist.xml; path = Info.plist; sourceTree = "<group>"; };
		6F685B3B2030DC22001705D9 /* ChatVC.swift */ = {isa = PBXFileReference; lastKnownFileType = sourcecode.swift; path = ChatVC.swift; sourceTree = "<group>"; };
		6F685B3D2030DC4E001705D9 /* ChannelVC.swift */ = {isa = PBXFileReference; lastKnownFileType = sourcecode.swift; path = ChannelVC.swift; sourceTree = "<group>"; };
		6F7161992035FDB1007BBDD0 /* CreateAccountVC.swift */ = {isa = PBXFileReference; lastKnownFileType = sourcecode.swift; path = CreateAccountVC.swift; sourceTree = "<group>"; };
		6F83319C2038C2AA003F73AE /* AuthService.swift */ = {isa = PBXFileReference; lastKnownFileType = sourcecode.swift; path = AuthService.swift; sourceTree = "<group>"; };
		6F9DE49F20334DB700EFB014 /* GradientView.swift */ = {isa = PBXFileReference; lastKnownFileType = sourcecode.swift; path = GradientView.swift; sourceTree = "<group>"; };
		6FBC12EA203E0A3000EB014A /* RoundedButton.swift */ = {isa = PBXFileReference; lastKnownFileType = sourcecode.swift; path = RoundedButton.swift; sourceTree = "<group>"; };
		6FEDEA952041EC0F00E711C7 /* AvatarPickerVC.swift */ = {isa = PBXFileReference; lastKnownFileType = sourcecode.swift; path = AvatarPickerVC.swift; sourceTree = "<group>"; };
		6FEDEA992042383000E711C7 /* AvatarCell.swift */ = {isa = PBXFileReference; lastKnownFileType = sourcecode.swift; path = AvatarCell.swift; sourceTree = "<group>"; };
		6FF9E72720404E30005BD11B /* UserDataService.swift */ = {isa = PBXFileReference; lastKnownFileType = sourcecode.swift; path = UserDataService.swift; sourceTree = "<group>"; };
/* End PBXFileReference section */

/* Begin PBXFrameworksBuildPhase section */
		6F2263802030847B00964F45 /* Frameworks */ = {
			isa = PBXFrameworksBuildPhase;
			buildActionMask = 2147483647;
			files = (
				C64AF1D7F344DA3248128667 /* Pods_Smack.framework in Frameworks */,
			);
			runOnlyForDeploymentPostprocessing = 0;
		};
/* End PBXFrameworksBuildPhase section */

/* Begin PBXGroup section */
		6F05C1CD2034C62D0021916E /* Utilities */ = {
			isa = PBXGroup;
			children = (
				6F05C1CE2034C6520021916E /* Constants.swift */,
			);
			path = Utilities;
			sourceTree = "<group>";
		};
		6F0BC23720321861009AC856 /* Supporting Files */ = {
			isa = PBXGroup;
			children = (
				6F0BC23920321877009AC856 /* SWRevealViewController.h */,
				6F0BC23A20321877009AC856 /* SWRevealViewController.m */,
				6F0BC23820321876009AC856 /* Smack-Bridging-Header.h */,
			);
			path = "Supporting Files";
			sourceTree = "<group>";
		};
		6F22637A2030847B00964F45 = {
			isa = PBXGroup;
			children = (
				6F2263852030847B00964F45 /* Smack */,
				6F2263842030847B00964F45 /* Products */,
				F406597E25B4C48E4615FB2F /* Pods */,
				CA6BED0C2370B9D26DA382F0 /* Frameworks */,
			);
			sourceTree = "<group>";
		};
		6F2263842030847B00964F45 /* Products */ = {
			isa = PBXGroup;
			children = (
				6F2263832030847B00964F45 /* Smack.app */,
			);
			name = Products;
			sourceTree = "<group>";
		};
		6F2263852030847B00964F45 /* Smack */ = {
			isa = PBXGroup;
			children = (
				6F83319B2038C1C1003F73AE /* Services */,
				6F0BC23720321861009AC856 /* Supporting Files */,
				6F05C1CD2034C62D0021916E /* Utilities */,
				6F685B382030DAE7001705D9 /* Model */,
				6F685B372030DADD001705D9 /* View */,
				6F685B362030DAC5001705D9 /* Controller */,
				6F2263862030847B00964F45 /* AppDelegate.swift */,
				6F22638A2030847B00964F45 /* Main.storyboard */,
				6F22638D2030847B00964F45 /* Assets.xcassets */,
				6F22638F2030847B00964F45 /* LaunchScreen.storyboard */,
				6F2263922030847B00964F45 /* Info.plist */,
			);
			path = Smack;
			sourceTree = "<group>";
		};
		6F685B362030DAC5001705D9 /* Controller */ = {
			isa = PBXGroup;
			children = (
				6F685B3B2030DC22001705D9 /* ChatVC.swift */,
				6F685B3D2030DC4E001705D9 /* ChannelVC.swift */,
				6F05C1D22034D5740021916E /* LoginVC.swift */,
				6F7161992035FDB1007BBDD0 /* CreateAccountVC.swift */,
				6FEDEA952041EC0F00E711C7 /* AvatarPickerVC.swift */,
			);
			path = Controller;
			sourceTree = "<group>";
		};
		6F685B372030DADD001705D9 /* View */ = {
			isa = PBXGroup;
			children = (
				6F9DE49F20334DB700EFB014 /* GradientView.swift */,
				6FBC12EA203E0A3000EB014A /* RoundedButton.swift */,
				6FEDEA992042383000E711C7 /* AvatarCell.swift */,
			);
			path = View;
			sourceTree = "<group>";
		};
		6F685B382030DAE7001705D9 /* Model */ = {
			isa = PBXGroup;
			children = (
			);
			path = Model;
			sourceTree = "<group>";
		};
		6F83319B2038C1C1003F73AE /* Services */ = {
			isa = PBXGroup;
			children = (
				6F83319C2038C2AA003F73AE /* AuthService.swift */,
				6FF9E72720404E30005BD11B /* UserDataService.swift */,
			);
			path = Services;
			sourceTree = "<group>";
		};
		CA6BED0C2370B9D26DA382F0 /* Frameworks */ = {
			isa = PBXGroup;
			children = (
				373B271017011E64F70E8D4E /* Pods_Smack.framework */,
			);
			name = Frameworks;
			sourceTree = "<group>";
		};
		F406597E25B4C48E4615FB2F /* Pods */ = {
			isa = PBXGroup;
			children = (
				199DC8A508D4314EBC809FC1 /* Pods-Smack.debug.xcconfig */,
				034470E7372EF77B91CDB0AB /* Pods-Smack.release.xcconfig */,
			);
			name = Pods;
			sourceTree = "<group>";
		};
/* End PBXGroup section */

/* Begin PBXNativeTarget section */
		6F2263822030847B00964F45 /* Smack */ = {
			isa = PBXNativeTarget;
			buildConfigurationList = 6F2263952030847B00964F45 /* Build configuration list for PBXNativeTarget "Smack" */;
			buildPhases = (
				DD60FBB060A5D4BBCE45DE06 /* [CP] Check Pods Manifest.lock */,
				6F22637F2030847B00964F45 /* Sources */,
				6F2263802030847B00964F45 /* Frameworks */,
				6F2263812030847B00964F45 /* Resources */,
				863E87AC9B19188C64146B8D /* [CP] Embed Pods Frameworks */,
				A26C2CFA645B2C5A8F5DC14A /* [CP] Copy Pods Resources */,
			);
			buildRules = (
			);
			dependencies = (
			);
			name = Smack;
			productName = Smack;
			productReference = 6F2263832030847B00964F45 /* Smack.app */;
			productType = "com.apple.product-type.application";
		};
/* End PBXNativeTarget section */

/* Begin PBXProject section */
		6F22637B2030847B00964F45 /* Project object */ = {
			isa = PBXProject;
			attributes = {
				LastSwiftUpdateCheck = 0920;
				LastUpgradeCheck = 0920;
				ORGANIZATIONNAME = Masliev;
				TargetAttributes = {
					6F2263822030847B00964F45 = {
						CreatedOnToolsVersion = 9.2;
						LastSwiftMigration = 0920;
						ProvisioningStyle = Automatic;
					};
				};
			};
			buildConfigurationList = 6F22637E2030847B00964F45 /* Build configuration list for PBXProject "Smack" */;
			compatibilityVersion = "Xcode 8.0";
			developmentRegion = en;
			hasScannedForEncodings = 0;
			knownRegions = (
				en,
				Base,
			);
			mainGroup = 6F22637A2030847B00964F45;
			productRefGroup = 6F2263842030847B00964F45 /* Products */;
			projectDirPath = "";
			projectRoot = "";
			targets = (
				6F2263822030847B00964F45 /* Smack */,
			);
		};
/* End PBXProject section */

/* Begin PBXResourcesBuildPhase section */
		6F2263812030847B00964F45 /* Resources */ = {
			isa = PBXResourcesBuildPhase;
			buildActionMask = 2147483647;
			files = (
				6F2263912030847B00964F45 /* LaunchScreen.storyboard in Resources */,
				6F22638E2030847B00964F45 /* Assets.xcassets in Resources */,
				6F22638C2030847B00964F45 /* Main.storyboard in Resources */,
			);
			runOnlyForDeploymentPostprocessing = 0;
		};
/* End PBXResourcesBuildPhase section */

/* Begin PBXShellScriptBuildPhase section */
		863E87AC9B19188C64146B8D /* [CP] Embed Pods Frameworks */ = {
			isa = PBXShellScriptBuildPhase;
			buildActionMask = 2147483647;
			files = (
			);
			inputPaths = (
				"${SRCROOT}/Pods/Target Support Files/Pods-Smack/Pods-Smack-frameworks.sh",
				"${BUILT_PRODUCTS_DIR}/Alamofire/Alamofire.framework",
				"${BUILT_PRODUCTS_DIR}/Socket.IO-Client-Swift/SocketIO.framework",
				"${BUILT_PRODUCTS_DIR}/Starscream/Starscream.framework",
				"${BUILT_PRODUCTS_DIR}/SwiftyJSON/SwiftyJSON.framework",
			);
			name = "[CP] Embed Pods Frameworks";
			outputPaths = (
				"${TARGET_BUILD_DIR}/${FRAMEWORKS_FOLDER_PATH}/Alamofire.framework",
				"${TARGET_BUILD_DIR}/${FRAMEWORKS_FOLDER_PATH}/SocketIO.framework",
				"${TARGET_BUILD_DIR}/${FRAMEWORKS_FOLDER_PATH}/Starscream.framework",
				"${TARGET_BUILD_DIR}/${FRAMEWORKS_FOLDER_PATH}/SwiftyJSON.framework",
			);
			runOnlyForDeploymentPostprocessing = 0;
			shellPath = /bin/sh;
			shellScript = "\"${SRCROOT}/Pods/Target Support Files/Pods-Smack/Pods-Smack-frameworks.sh\"\n";
			showEnvVarsInLog = 0;
		};
		A26C2CFA645B2C5A8F5DC14A /* [CP] Copy Pods Resources */ = {
			isa = PBXShellScriptBuildPhase;
			buildActionMask = 2147483647;
			files = (
			);
			inputPaths = (
			);
			name = "[CP] Copy Pods Resources";
			outputPaths = (
			);
			runOnlyForDeploymentPostprocessing = 0;
			shellPath = /bin/sh;
			shellScript = "\"${SRCROOT}/Pods/Target Support Files/Pods-Smack/Pods-Smack-resources.sh\"\n";
			showEnvVarsInLog = 0;
		};
		DD60FBB060A5D4BBCE45DE06 /* [CP] Check Pods Manifest.lock */ = {
			isa = PBXShellScriptBuildPhase;
			buildActionMask = 2147483647;
			files = (
			);
			inputPaths = (
				"${PODS_PODFILE_DIR_PATH}/Podfile.lock",
				"${PODS_ROOT}/Manifest.lock",
			);
			name = "[CP] Check Pods Manifest.lock";
			outputPaths = (
				"$(DERIVED_FILE_DIR)/Pods-Smack-checkManifestLockResult.txt",
			);
			runOnlyForDeploymentPostprocessing = 0;
			shellPath = /bin/sh;
			shellScript = "diff \"${PODS_PODFILE_DIR_PATH}/Podfile.lock\" \"${PODS_ROOT}/Manifest.lock\" > /dev/null\nif [ $? != 0 ] ; then\n    # print error to STDERR\n    echo \"error: The sandbox is not in sync with the Podfile.lock. Run 'pod install' or update your CocoaPods installation.\" >&2\n    exit 1\nfi\n# This output is used by Xcode 'outputs' to avoid re-running this script phase.\necho \"SUCCESS\" > \"${SCRIPT_OUTPUT_FILE_0}\"\n";
			showEnvVarsInLog = 0;
		};
/* End PBXShellScriptBuildPhase section */

/* Begin PBXSourcesBuildPhase section */
		6F22637F2030847B00964F45 /* Sources */ = {
			isa = PBXSourcesBuildPhase;
			buildActionMask = 2147483647;
			files = (
				6F685B3E2030DC4E001705D9 /* ChannelVC.swift in Sources */,
				6FEDEA962041EC0F00E711C7 /* AvatarPickerVC.swift in Sources */,
				6FBC12EB203E0A3000EB014A /* RoundedButton.swift in Sources */,
				6F685B3C2030DC22001705D9 /* ChatVC.swift in Sources */,
				6FF9E72820404E30005BD11B /* UserDataService.swift in Sources */,
				6F71619A2035FDB1007BBDD0 /* CreateAccountVC.swift in Sources */,
				6F83319D2038C2AA003F73AE /* AuthService.swift in Sources */,
				6F05C1D32034D5740021916E /* LoginVC.swift in Sources */,
				6F9DE4A020334DB700EFB014 /* GradientView.swift in Sources */,
				6FEDEA9A2042383000E711C7 /* AvatarCell.swift in Sources */,
				6F2263872030847B00964F45 /* AppDelegate.swift in Sources */,
				6F0BC23B20321877009AC856 /* SWRevealViewController.m in Sources */,
				6F05C1CF2034C6520021916E /* Constants.swift in Sources */,
			);
			runOnlyForDeploymentPostprocessing = 0;
		};
/* End PBXSourcesBuildPhase section */

/* Begin PBXVariantGroup section */
		6F22638A2030847B00964F45 /* Main.storyboard */ = {
			isa = PBXVariantGroup;
			children = (
				6F22638B2030847B00964F45 /* Base */,
			);
			name = Main.storyboard;
			sourceTree = "<group>";
		};
		6F22638F2030847B00964F45 /* LaunchScreen.storyboard */ = {
			isa = PBXVariantGroup;
			children = (
				6F2263902030847B00964F45 /* Base */,
			);
			name = LaunchScreen.storyboard;
			sourceTree = "<group>";
		};
/* End PBXVariantGroup section */

/* Begin XCBuildConfiguration section */
		6F2263932030847B00964F45 /* Debug */ = {
			isa = XCBuildConfiguration;
			buildSettings = {
				ALWAYS_SEARCH_USER_PATHS = NO;
				CLANG_ANALYZER_NONNULL = YES;
				CLANG_ANALYZER_NUMBER_OBJECT_CONVERSION = YES_AGGRESSIVE;
				CLANG_CXX_LANGUAGE_STANDARD = "gnu++14";
				CLANG_CXX_LIBRARY = "libc++";
				CLANG_ENABLE_MODULES = YES;
				CLANG_ENABLE_OBJC_ARC = YES;
				CLANG_WARN_BLOCK_CAPTURE_AUTORELEASING = YES;
				CLANG_WARN_BOOL_CONVERSION = YES;
				CLANG_WARN_COMMA = YES;
				CLANG_WARN_CONSTANT_CONVERSION = YES;
				CLANG_WARN_DIRECT_OBJC_ISA_USAGE = YES_ERROR;
				CLANG_WARN_DOCUMENTATION_COMMENTS = YES;
				CLANG_WARN_EMPTY_BODY = YES;
				CLANG_WARN_ENUM_CONVERSION = YES;
				CLANG_WARN_INFINITE_RECURSION = YES;
				CLANG_WARN_INT_CONVERSION = YES;
				CLANG_WARN_NON_LITERAL_NULL_CONVERSION = YES;
				CLANG_WARN_OBJC_LITERAL_CONVERSION = YES;
				CLANG_WARN_OBJC_ROOT_CLASS = YES_ERROR;
				CLANG_WARN_RANGE_LOOP_ANALYSIS = YES;
				CLANG_WARN_STRICT_PROTOTYPES = YES;
				CLANG_WARN_SUSPICIOUS_MOVE = YES;
				CLANG_WARN_UNGUARDED_AVAILABILITY = YES_AGGRESSIVE;
				CLANG_WARN_UNREACHABLE_CODE = YES;
				CLANG_WARN__DUPLICATE_METHOD_MATCH = YES;
				CODE_SIGN_IDENTITY = "iPhone Developer";
				COPY_PHASE_STRIP = NO;
				DEBUG_INFORMATION_FORMAT = dwarf;
				ENABLE_STRICT_OBJC_MSGSEND = YES;
				ENABLE_TESTABILITY = YES;
				GCC_C_LANGUAGE_STANDARD = gnu11;
				GCC_DYNAMIC_NO_PIC = NO;
				GCC_NO_COMMON_BLOCKS = YES;
				GCC_OPTIMIZATION_LEVEL = 0;
				GCC_PREPROCESSOR_DEFINITIONS = (
					"DEBUG=1",
					"$(inherited)",
				);
				GCC_WARN_64_TO_32_BIT_CONVERSION = YES;
				GCC_WARN_ABOUT_RETURN_TYPE = YES_ERROR;
				GCC_WARN_UNDECLARED_SELECTOR = YES;
				GCC_WARN_UNINITIALIZED_AUTOS = YES_AGGRESSIVE;
				GCC_WARN_UNUSED_FUNCTION = YES;
				GCC_WARN_UNUSED_VARIABLE = YES;
				IPHONEOS_DEPLOYMENT_TARGET = 11.2;
				MTL_ENABLE_DEBUG_INFO = YES;
				ONLY_ACTIVE_ARCH = YES;
				SDKROOT = iphoneos;
				SWIFT_ACTIVE_COMPILATION_CONDITIONS = DEBUG;
				SWIFT_OPTIMIZATION_LEVEL = "-Onone";
			};
			name = Debug;
		};
		6F2263942030847B00964F45 /* Release */ = {
			isa = XCBuildConfiguration;
			buildSettings = {
				ALWAYS_SEARCH_USER_PATHS = NO;
				CLANG_ANALYZER_NONNULL = YES;
				CLANG_ANALYZER_NUMBER_OBJECT_CONVERSION = YES_AGGRESSIVE;
				CLANG_CXX_LANGUAGE_STANDARD = "gnu++14";
				CLANG_CXX_LIBRARY = "libc++";
				CLANG_ENABLE_MODULES = YES;
				CLANG_ENABLE_OBJC_ARC = YES;
				CLANG_WARN_BLOCK_CAPTURE_AUTORELEASING = YES;
				CLANG_WARN_BOOL_CONVERSION = YES;
				CLANG_WARN_COMMA = YES;
				CLANG_WARN_CONSTANT_CONVERSION = YES;
				CLANG_WARN_DIRECT_OBJC_ISA_USAGE = YES_ERROR;
				CLANG_WARN_DOCUMENTATION_COMMENTS = YES;
				CLANG_WARN_EMPTY_BODY = YES;
				CLANG_WARN_ENUM_CONVERSION = YES;
				CLANG_WARN_INFINITE_RECURSION = YES;
				CLANG_WARN_INT_CONVERSION = YES;
				CLANG_WARN_NON_LITERAL_NULL_CONVERSION = YES;
				CLANG_WARN_OBJC_LITERAL_CONVERSION = YES;
				CLANG_WARN_OBJC_ROOT_CLASS = YES_ERROR;
				CLANG_WARN_RANGE_LOOP_ANALYSIS = YES;
				CLANG_WARN_STRICT_PROTOTYPES = YES;
				CLANG_WARN_SUSPICIOUS_MOVE = YES;
				CLANG_WARN_UNGUARDED_AVAILABILITY = YES_AGGRESSIVE;
				CLANG_WARN_UNREACHABLE_CODE = YES;
				CLANG_WARN__DUPLICATE_METHOD_MATCH = YES;
				CODE_SIGN_IDENTITY = "iPhone Developer";
				COPY_PHASE_STRIP = NO;
				DEBUG_INFORMATION_FORMAT = "dwarf-with-dsym";
				ENABLE_NS_ASSERTIONS = NO;
				ENABLE_STRICT_OBJC_MSGSEND = YES;
				GCC_C_LANGUAGE_STANDARD = gnu11;
				GCC_NO_COMMON_BLOCKS = YES;
				GCC_WARN_64_TO_32_BIT_CONVERSION = YES;
				GCC_WARN_ABOUT_RETURN_TYPE = YES_ERROR;
				GCC_WARN_UNDECLARED_SELECTOR = YES;
				GCC_WARN_UNINITIALIZED_AUTOS = YES_AGGRESSIVE;
				GCC_WARN_UNUSED_FUNCTION = YES;
				GCC_WARN_UNUSED_VARIABLE = YES;
				IPHONEOS_DEPLOYMENT_TARGET = 11.2;
				MTL_ENABLE_DEBUG_INFO = NO;
				SDKROOT = iphoneos;
				SWIFT_OPTIMIZATION_LEVEL = "-Owholemodule";
				VALIDATE_PRODUCT = YES;
			};
			name = Release;
		};
		6F2263962030847B00964F45 /* Debug */ = {
			isa = XCBuildConfiguration;
			baseConfigurationReference = 199DC8A508D4314EBC809FC1 /* Pods-Smack.debug.xcconfig */;
			buildSettings = {
				ASSETCATALOG_COMPILER_APPICON_NAME = AppIcon;
				CLANG_ENABLE_MODULES = YES;
				CODE_SIGN_STYLE = Automatic;
				DEVELOPMENT_TEAM = 9D3V3BM5KC;
				INFOPLIST_FILE = Smack/Info.plist;
				LD_RUNPATH_SEARCH_PATHS = "$(inherited) @executable_path/Frameworks";
				PRODUCT_BUNDLE_IDENTIFIER = com.masliev.Smack;
				PRODUCT_NAME = "$(TARGET_NAME)";
				SWIFT_OBJC_BRIDGING_HEADER = "Smack/Supporting Files/Smack-Bridging-Header.h";
				SWIFT_OPTIMIZATION_LEVEL = "-Onone";
				SWIFT_VERSION = 4.0;
				TARGETED_DEVICE_FAMILY = "1,2";
			};
			name = Debug;
		};
		6F2263972030847B00964F45 /* Release */ = {
			isa = XCBuildConfiguration;
			baseConfigurationReference = 034470E7372EF77B91CDB0AB /* Pods-Smack.release.xcconfig */;
			buildSettings = {
				ASSETCATALOG_COMPILER_APPICON_NAME = AppIcon;
				CLANG_ENABLE_MODULES = YES;
				CODE_SIGN_STYLE = Automatic;
				DEVELOPMENT_TEAM = 9D3V3BM5KC;
				INFOPLIST_FILE = Smack/Info.plist;
				LD_RUNPATH_SEARCH_PATHS = "$(inherited) @executable_path/Frameworks";
				PRODUCT_BUNDLE_IDENTIFIER = com.masliev.Smack;
				PRODUCT_NAME = "$(TARGET_NAME)";
				SWIFT_OBJC_BRIDGING_HEADER = "Smack/Supporting Files/Smack-Bridging-Header.h";
				SWIFT_VERSION = 4.0;
				TARGETED_DEVICE_FAMILY = "1,2";
			};
			name = Release;
		};
/* End XCBuildConfiguration section */

/* Begin XCConfigurationList section */
		6F22637E2030847B00964F45 /* Build configuration list for PBXProject "Smack" */ = {
			isa = XCConfigurationList;
			buildConfigurations = (
				6F2263932030847B00964F45 /* Debug */,
				6F2263942030847B00964F45 /* Release */,
			);
			defaultConfigurationIsVisible = 0;
			defaultConfigurationName = Release;
		};
		6F2263952030847B00964F45 /* Build configuration list for PBXNativeTarget "Smack" */ = {
			isa = XCConfigurationList;
			buildConfigurations = (
				6F2263962030847B00964F45 /* Debug */,
				6F2263972030847B00964F45 /* Release */,
			);
			defaultConfigurationIsVisible = 0;
			defaultConfigurationName = Release;
		};
/* End XCConfigurationList section */
	};
	rootObject = 6F22637B2030847B00964F45 /* Project object */;
}
